
Microsoft Visual Studio Solution File, Format Version 12.00
# Visual Studio Version 16
VisualStudioVersion = 16.0.30011.22
MinimumVisualStudioVersion = 10.0.40219.1
Project("{FAE04EC0-301F-11D3-BF4B-00C04F79EFBC}") = "WpfAppProblemeInfo", "WpfAppProblemeInfo\WpfAppProblemeInfo.csproj", "{2CFBDA64-8143-4155-8129-A0574414283C}"
EndProject
Project("{FAE04EC0-301F-11D3-BF4B-00C04F79EFBC}") = "Tests_Units", "Tests_Units\Tests_Units.csproj", "{EC3ED657-772B-4B2D-951B-813DBA028AB3}"
EndProject
Global
	GlobalSection(SolutionConfigurationPlatforms) = preSolution
		Debug|Any CPU = Debug|Any CPU
		Release|Any CPU = Release|Any CPU
	EndGlobalSection
	GlobalSection(ProjectConfigurationPlatforms) = postSolution
		{2CFBDA64-8143-4155-8129-A0574414283C}.Debug|Any CPU.ActiveCfg = Debug|Any CPU
		{2CFBDA64-8143-4155-8129-A0574414283C}.Debug|Any CPU.Build.0 = Debug|Any CPU
		{2CFBDA64-8143-4155-8129-A0574414283C}.Release|Any CPU.ActiveCfg = Release|Any CPU
		{2CFBDA64-8143-4155-8129-A0574414283C}.Release|Any CPU.Build.0 = Release|Any CPU
		{EC3ED657-772B-4B2D-951B-813DBA028AB3}.Debug|Any CPU.ActiveCfg = Debug|Any CPU
		{EC3ED657-772B-4B2D-951B-813DBA028AB3}.Debug|Any CPU.Build.0 = Debug|Any CPU
		{EC3ED657-772B-4B2D-951B-813DBA028AB3}.Release|Any CPU.ActiveCfg = Release|Any CPU
		{EC3ED657-772B-4B2D-951B-813DBA028AB3}.Release|Any CPU.Build.0 = Release|Any CPU
	EndGlobalSection
	GlobalSection(SolutionProperties) = preSolution
		HideSolutionNode = FALSE
	EndGlobalSection
	GlobalSection(ExtensibilityGlobals) = postSolution
		SolutionGuid = {047391D4-C2F6-4ADE-AEFB-7A4B4C4204C5}
	EndGlobalSection
EndGlobal
